
Microsoft Visual Studio Solution File, Format Version 12.00
# Visual Studio Version 16
VisualStudioVersion = 16.0.32802.440
MinimumVisualStudioVersion = 10.0.40219.1
Project("{FAE04EC0-301F-11D3-BF4B-00C04F79EFBC}") = "WebApplication1", "WebApplication1.csproj", "{F8D2D3EC-105E-42EB-ABC5-91863CAE2B3D}"
EndProject
Global
	GlobalSection(SolutionConfigurationPlatforms) = preSolution
		Debug|Any CPU = Debug|Any CPU
		Release|Any CPU = Release|Any CPU
	EndGlobalSection
	GlobalSection(ProjectConfigurationPlatforms) = postSolution
		{F8D2D3EC-105E-42EB-ABC5-91863CAE2B3D}.Debug|Any CPU.ActiveCfg = Debug|Any CPU
		{F8D2D3EC-105E-42EB-ABC5-91863CAE2B3D}.Debug|Any CPU.Build.0 = Debug|Any CPU
		{F8D2D3EC-105E-42EB-ABC5-91863CAE2B3D}.Release|Any CPU.ActiveCfg = Release|Any CPU
		{F8D2D3EC-105E-42EB-ABC5-91863CAE2B3D}.Release|Any CPU.Build.0 = Release|Any CPU
	EndGlobalSection
	GlobalSection(SolutionProperties) = preSolution
		HideSolutionNode = FALSE
	EndGlobalSection
	GlobalSection(ExtensibilityGlobals) = postSolution
		SolutionGuid = {83F85E39-A970-466A-8D61-033D6C03EFD3}
	EndGlobalSection
EndGlobal
