
Microsoft Visual Studio Solution File, Format Version 12.00
# Visual Studio Version 16
VisualStudioVersion = 16.0.32802.440
MinimumVisualStudioVersion = 10.0.40219.1
Project("{FAE04EC0-301F-11D3-BF4B-00C04F79EFBC}") = "Sample 02", "Sample 02.csproj", "{09FD3CE2-6F08-40EB-84A6-7C16B712123F}"
EndProject
Global
	GlobalSection(SolutionConfigurationPlatforms) = preSolution
		Debug|Any CPU = Debug|Any CPU
		Release|Any CPU = Release|Any CPU
	EndGlobalSection
	GlobalSection(ProjectConfigurationPlatforms) = postSolution
		{09FD3CE2-6F08-40EB-84A6-7C16B712123F}.Debug|Any CPU.ActiveCfg = Debug|Any CPU
		{09FD3CE2-6F08-40EB-84A6-7C16B712123F}.Debug|Any CPU.Build.0 = Debug|Any CPU
		{09FD3CE2-6F08-40EB-84A6-7C16B712123F}.Release|Any CPU.ActiveCfg = Release|Any CPU
		{09FD3CE2-6F08-40EB-84A6-7C16B712123F}.Release|Any CPU.Build.0 = Release|Any CPU
	EndGlobalSection
	GlobalSection(SolutionProperties) = preSolution
		HideSolutionNode = FALSE
	EndGlobalSection
	GlobalSection(ExtensibilityGlobals) = postSolution
		SolutionGuid = {B76DA422-99FB-4B58-9789-7F2A9AF4F2AF}
	EndGlobalSection
EndGlobal
