
Microsoft Visual Studio Solution File, Format Version 12.00
# Visual Studio Version 16
VisualStudioVersion = 16.0.32802.440
MinimumVisualStudioVersion = 10.0.40219.1
Project("{FAE04EC0-301F-11D3-BF4B-00C04F79EFBC}") = "Aa01", "Aa01\Aa01.csproj", "{074ECC04-2B26-41C6-BD63-F9E4274639CD}"
EndProject
Global
	GlobalSection(SolutionConfigurationPlatforms) = preSolution
		Debug|Any CPU = Debug|Any CPU
		Release|Any CPU = Release|Any CPU
	EndGlobalSection
	GlobalSection(ProjectConfigurationPlatforms) = postSolution
		{074ECC04-2B26-41C6-BD63-F9E4274639CD}.Debug|Any CPU.ActiveCfg = Debug|Any CPU
		{074ECC04-2B26-41C6-BD63-F9E4274639CD}.Debug|Any CPU.Build.0 = Debug|Any CPU
		{074ECC04-2B26-41C6-BD63-F9E4274639CD}.Release|Any CPU.ActiveCfg = Release|Any CPU
		{074ECC04-2B26-41C6-BD63-F9E4274639CD}.Release|Any CPU.Build.0 = Release|Any CPU
	EndGlobalSection
	GlobalSection(SolutionProperties) = preSolution
		HideSolutionNode = FALSE
	EndGlobalSection
	GlobalSection(ExtensibilityGlobals) = postSolution
		SolutionGuid = {92E85E77-1B03-4C1F-A499-7051405DEA26}
	EndGlobalSection
EndGlobal
