
Microsoft Visual Studio Solution File, Format Version 12.00
# Visual Studio Version 16
VisualStudioVersion = 16.0.32802.440
MinimumVisualStudioVersion = 10.0.40219.1
Project("{FAE04EC0-301F-11D3-BF4B-00C04F79EFBC}") = "MVCDemo", "MVCDemo.csproj", "{F13D0F0B-0A17-4DD7-95DB-17DEA23EC541}"
EndProject
Global
	GlobalSection(SolutionConfigurationPlatforms) = preSolution
		Debug|Any CPU = Debug|Any CPU
		Release|Any CPU = Release|Any CPU
	EndGlobalSection
	GlobalSection(ProjectConfigurationPlatforms) = postSolution
		{F13D0F0B-0A17-4DD7-95DB-17DEA23EC541}.Debug|Any CPU.ActiveCfg = Debug|Any CPU
		{F13D0F0B-0A17-4DD7-95DB-17DEA23EC541}.Debug|Any CPU.Build.0 = Debug|Any CPU
		{F13D0F0B-0A17-4DD7-95DB-17DEA23EC541}.Release|Any CPU.ActiveCfg = Release|Any CPU
		{F13D0F0B-0A17-4DD7-95DB-17DEA23EC541}.Release|Any CPU.Build.0 = Release|Any CPU
	EndGlobalSection
	GlobalSection(SolutionProperties) = preSolution
		HideSolutionNode = FALSE
	EndGlobalSection
	GlobalSection(ExtensibilityGlobals) = postSolution
		SolutionGuid = {760F50E6-4760-4E90-A38A-71F7820105AF}
	EndGlobalSection
EndGlobal
