
Microsoft Visual Studio Solution File, Format Version 12.00
# Visual Studio Version 16
VisualStudioVersion = 16.0.32802.440
MinimumVisualStudioVersion = 10.0.40219.1
Project("{FAE04EC0-301F-11D3-BF4B-00C04F79EFBC}") = "StudentRecords", "StudentRecords.csproj", "{10467A5C-EB04-4999-A0A6-79FB726EFFB8}"
EndProject
Global
	GlobalSection(SolutionConfigurationPlatforms) = preSolution
		Debug|Any CPU = Debug|Any CPU
		Release|Any CPU = Release|Any CPU
	EndGlobalSection
	GlobalSection(ProjectConfigurationPlatforms) = postSolution
		{10467A5C-EB04-4999-A0A6-79FB726EFFB8}.Debug|Any CPU.ActiveCfg = Debug|Any CPU
		{10467A5C-EB04-4999-A0A6-79FB726EFFB8}.Debug|Any CPU.Build.0 = Debug|Any CPU
		{10467A5C-EB04-4999-A0A6-79FB726EFFB8}.Release|Any CPU.ActiveCfg = Release|Any CPU
		{10467A5C-EB04-4999-A0A6-79FB726EFFB8}.Release|Any CPU.Build.0 = Release|Any CPU
	EndGlobalSection
	GlobalSection(SolutionProperties) = preSolution
		HideSolutionNode = FALSE
	EndGlobalSection
	GlobalSection(ExtensibilityGlobals) = postSolution
		SolutionGuid = {14B198AB-B3C0-42F3-A282-6E5D96E3E16B}
	EndGlobalSection
EndGlobal
