
Microsoft Visual Studio Solution File, Format Version 12.00
# Visual Studio 15
VisualStudioVersion = 15.0.28010.2019
MinimumVisualStudioVersion = 10.0.40219.1
Project("{FAE04EC0-301F-11D3-BF4B-00C04F79EFBC}") = "QuickKartBL", "QuickKartBL\QuickKartBL.csproj", "{232098ED-56C8-47ED-98AB-4C5B799628F5}"
EndProject
Project("{FAE04EC0-301F-11D3-BF4B-00C04F79EFBC}") = "QuickKartTestApp", "QuickKartTestApp\QuickKartTestApp.csproj", "{C8AAC976-5322-4212-830F-CD7771B7D3AD}"
EndProject
Global
	GlobalSection(SolutionConfigurationPlatforms) = preSolution
		Debug|Any CPU = Debug|Any CPU
		Release|Any CPU = Release|Any CPU
	EndGlobalSection
	GlobalSection(ProjectConfigurationPlatforms) = postSolution
		{232098ED-56C8-47ED-98AB-4C5B799628F5}.Debug|Any CPU.ActiveCfg = Debug|Any CPU
		{232098ED-56C8-47ED-98AB-4C5B799628F5}.Debug|Any CPU.Build.0 = Debug|Any CPU
		{232098ED-56C8-47ED-98AB-4C5B799628F5}.Release|Any CPU.ActiveCfg = Release|Any CPU
		{232098ED-56C8-47ED-98AB-4C5B799628F5}.Release|Any CPU.Build.0 = Release|Any CPU
		{C8AAC976-5322-4212-830F-CD7771B7D3AD}.Debug|Any CPU.ActiveCfg = Debug|Any CPU
		{C8AAC976-5322-4212-830F-CD7771B7D3AD}.Debug|Any CPU.Build.0 = Debug|Any CPU
		{C8AAC976-5322-4212-830F-CD7771B7D3AD}.Release|Any CPU.ActiveCfg = Release|Any CPU
		{C8AAC976-5322-4212-830F-CD7771B7D3AD}.Release|Any CPU.Build.0 = Release|Any CPU
	EndGlobalSection
	GlobalSection(SolutionProperties) = preSolution
		HideSolutionNode = FALSE
	EndGlobalSection
	GlobalSection(ExtensibilityGlobals) = postSolution
		SolutionGuid = {AAF031AE-E222-47A5-BC81-A651B992AE9F}
	EndGlobalSection
EndGlobal
