
Microsoft Visual Studio Solution File, Format Version 12.00
# Visual Studio 15
VisualStudioVersion = 15.0.27703.2000
MinimumVisualStudioVersion = 10.0.40219.1
Project("{FAE04EC0-301F-11D3-BF4B-00C04F79EFBC}") = "QuickKartBL", "QuickKartBL\QuickKartBL.csproj", "{DF0897B6-0CD4-46B6-8DF3-1001BC580F06}"
EndProject
Project("{FAE04EC0-301F-11D3-BF4B-00C04F79EFBC}") = "QuickKartTestApp", "QuickKartTestApp\QuickKartTestApp.csproj", "{C7246FAE-6922-4BAB-AA50-8D70A1C90B1F}"
EndProject
Global
	GlobalSection(SolutionConfigurationPlatforms) = preSolution
		Debug|Any CPU = Debug|Any CPU
		Release|Any CPU = Release|Any CPU
	EndGlobalSection
	GlobalSection(ProjectConfigurationPlatforms) = postSolution
		{DF0897B6-0CD4-46B6-8DF3-1001BC580F06}.Debug|Any CPU.ActiveCfg = Debug|Any CPU
		{DF0897B6-0CD4-46B6-8DF3-1001BC580F06}.Debug|Any CPU.Build.0 = Debug|Any CPU
		{DF0897B6-0CD4-46B6-8DF3-1001BC580F06}.Release|Any CPU.ActiveCfg = Release|Any CPU
		{DF0897B6-0CD4-46B6-8DF3-1001BC580F06}.Release|Any CPU.Build.0 = Release|Any CPU
		{C7246FAE-6922-4BAB-AA50-8D70A1C90B1F}.Debug|Any CPU.ActiveCfg = Debug|Any CPU
		{C7246FAE-6922-4BAB-AA50-8D70A1C90B1F}.Debug|Any CPU.Build.0 = Debug|Any CPU
		{C7246FAE-6922-4BAB-AA50-8D70A1C90B1F}.Release|Any CPU.ActiveCfg = Release|Any CPU
		{C7246FAE-6922-4BAB-AA50-8D70A1C90B1F}.Release|Any CPU.Build.0 = Release|Any CPU
	EndGlobalSection
	GlobalSection(SolutionProperties) = preSolution
		HideSolutionNode = FALSE
	EndGlobalSection
	GlobalSection(ExtensibilityGlobals) = postSolution
		SolutionGuid = {34BE7F73-B58F-486B-9DF3-5EA3E57C4BD8}
	EndGlobalSection
EndGlobal
