
Microsoft Visual Studio Solution File, Format Version 12.00
# Visual Studio Version 16
VisualStudioVersion = 16.0.32802.440
MinimumVisualStudioVersion = 10.0.40219.1
Project("{FAE04EC0-301F-11D3-BF4B-00C04F79EFBC}") = "Web_Business_Object", "Web_Business_Object.csproj", "{026F0F22-73E6-4708-95E4-029533DB4AC9}"
EndProject
Project("{FAE04EC0-301F-11D3-BF4B-00C04F79EFBC}") = "Business Layer", "..\Business Layer\Business Layer.csproj", "{94813C87-1B43-4DC4-AF97-B835AFA2868D}"
EndProject
Global
	GlobalSection(SolutionConfigurationPlatforms) = preSolution
		Debug|Any CPU = Debug|Any CPU
		Release|Any CPU = Release|Any CPU
	EndGlobalSection
	GlobalSection(ProjectConfigurationPlatforms) = postSolution
		{026F0F22-73E6-4708-95E4-029533DB4AC9}.Debug|Any CPU.ActiveCfg = Debug|Any CPU
		{026F0F22-73E6-4708-95E4-029533DB4AC9}.Debug|Any CPU.Build.0 = Debug|Any CPU
		{026F0F22-73E6-4708-95E4-029533DB4AC9}.Release|Any CPU.ActiveCfg = Release|Any CPU
		{026F0F22-73E6-4708-95E4-029533DB4AC9}.Release|Any CPU.Build.0 = Release|Any CPU
		{94813C87-1B43-4DC4-AF97-B835AFA2868D}.Debug|Any CPU.ActiveCfg = Debug|Any CPU
		{94813C87-1B43-4DC4-AF97-B835AFA2868D}.Debug|Any CPU.Build.0 = Debug|Any CPU
		{94813C87-1B43-4DC4-AF97-B835AFA2868D}.Release|Any CPU.ActiveCfg = Release|Any CPU
		{94813C87-1B43-4DC4-AF97-B835AFA2868D}.Release|Any CPU.Build.0 = Release|Any CPU
	EndGlobalSection
	GlobalSection(SolutionProperties) = preSolution
		HideSolutionNode = FALSE
	EndGlobalSection
	GlobalSection(ExtensibilityGlobals) = postSolution
		SolutionGuid = {2BE023E9-8270-40FF-81A7-8BCA907BA7D8}
	EndGlobalSection
EndGlobal
