
Microsoft Visual Studio Solution File, Format Version 12.00
# Visual Studio 15
VisualStudioVersion = 15.0.28307.329
MinimumVisualStudioVersion = 10.0.40219.1
Project("{FAE04EC0-301F-11D3-BF4B-00C04F79EFBC}") = "QuickKartTestApp", "QuickKartTestApp\QuickKartTestApp.csproj", "{CC9F67E7-E519-4688-BE77-36FE9DC79ED7}"
EndProject
Project("{FAE04EC0-301F-11D3-BF4B-00C04F79EFBC}") = "QuickKartBL", "QuickKartBL\QuickKartBL.csproj", "{F6A1702E-E583-4C08-9813-CB4A6A38872C}"
EndProject
Global
	GlobalSection(SolutionConfigurationPlatforms) = preSolution
		Debug|Any CPU = Debug|Any CPU
		Release|Any CPU = Release|Any CPU
	EndGlobalSection
	GlobalSection(ProjectConfigurationPlatforms) = postSolution
		{CC9F67E7-E519-4688-BE77-36FE9DC79ED7}.Debug|Any CPU.ActiveCfg = Debug|Any CPU
		{CC9F67E7-E519-4688-BE77-36FE9DC79ED7}.Debug|Any CPU.Build.0 = Debug|Any CPU
		{CC9F67E7-E519-4688-BE77-36FE9DC79ED7}.Release|Any CPU.ActiveCfg = Release|Any CPU
		{CC9F67E7-E519-4688-BE77-36FE9DC79ED7}.Release|Any CPU.Build.0 = Release|Any CPU
		{F6A1702E-E583-4C08-9813-CB4A6A38872C}.Debug|Any CPU.ActiveCfg = Debug|Any CPU
		{F6A1702E-E583-4C08-9813-CB4A6A38872C}.Debug|Any CPU.Build.0 = Debug|Any CPU
		{F6A1702E-E583-4C08-9813-CB4A6A38872C}.Release|Any CPU.ActiveCfg = Release|Any CPU
		{F6A1702E-E583-4C08-9813-CB4A6A38872C}.Release|Any CPU.Build.0 = Release|Any CPU
	EndGlobalSection
	GlobalSection(SolutionProperties) = preSolution
		HideSolutionNode = FALSE
	EndGlobalSection
	GlobalSection(ExtensibilityGlobals) = postSolution
		SolutionGuid = {E18EEAC4-312B-449D-9217-78E9BBC3A75C}
	EndGlobalSection
EndGlobal
