
Microsoft Visual Studio Solution File, Format Version 12.00
# Visual Studio Version 16
VisualStudioVersion = 16.0.32802.440
MinimumVisualStudioVersion = 10.0.40219.1
Project("{FAE04EC0-301F-11D3-BF4B-00C04F79EFBC}") = "Sample04", "Sample04.csproj", "{2A6844CB-5F81-4D9D-9FE7-ECD80EAABFDC}"
EndProject
Global
	GlobalSection(SolutionConfigurationPlatforms) = preSolution
		Debug|Any CPU = Debug|Any CPU
		Release|Any CPU = Release|Any CPU
	EndGlobalSection
	GlobalSection(ProjectConfigurationPlatforms) = postSolution
		{2A6844CB-5F81-4D9D-9FE7-ECD80EAABFDC}.Debug|Any CPU.ActiveCfg = Debug|Any CPU
		{2A6844CB-5F81-4D9D-9FE7-ECD80EAABFDC}.Debug|Any CPU.Build.0 = Debug|Any CPU
		{2A6844CB-5F81-4D9D-9FE7-ECD80EAABFDC}.Release|Any CPU.ActiveCfg = Release|Any CPU
		{2A6844CB-5F81-4D9D-9FE7-ECD80EAABFDC}.Release|Any CPU.Build.0 = Release|Any CPU
	EndGlobalSection
	GlobalSection(SolutionProperties) = preSolution
		HideSolutionNode = FALSE
	EndGlobalSection
	GlobalSection(ExtensibilityGlobals) = postSolution
		SolutionGuid = {BFDEC6E4-F3FC-41BA-91B4-B1E23BBB6E89}
	EndGlobalSection
EndGlobal
