
Microsoft Visual Studio Solution File, Format Version 12.00
# Visual Studio Version 16
VisualStudioVersion = 16.0.32802.440
MinimumVisualStudioVersion = 10.0.40219.1
Project("{FAE04EC0-301F-11D3-BF4B-00C04F79EFBC}") = "Sample07", "Sample07.csproj", "{DA9989D1-D679-4CE3-B455-9041416D5956}"
EndProject
Global
	GlobalSection(SolutionConfigurationPlatforms) = preSolution
		Debug|Any CPU = Debug|Any CPU
		Release|Any CPU = Release|Any CPU
	EndGlobalSection
	GlobalSection(ProjectConfigurationPlatforms) = postSolution
		{DA9989D1-D679-4CE3-B455-9041416D5956}.Debug|Any CPU.ActiveCfg = Debug|Any CPU
		{DA9989D1-D679-4CE3-B455-9041416D5956}.Debug|Any CPU.Build.0 = Debug|Any CPU
		{DA9989D1-D679-4CE3-B455-9041416D5956}.Release|Any CPU.ActiveCfg = Release|Any CPU
		{DA9989D1-D679-4CE3-B455-9041416D5956}.Release|Any CPU.Build.0 = Release|Any CPU
	EndGlobalSection
	GlobalSection(SolutionProperties) = preSolution
		HideSolutionNode = FALSE
	EndGlobalSection
	GlobalSection(ExtensibilityGlobals) = postSolution
		SolutionGuid = {DB569DBD-DF8F-437F-8338-4CAAF48A26A3}
	EndGlobalSection
EndGlobal
